github.com/go-volumes/interface v0.0.0-20260831115414-8aa56d750f28 h1:7wmYFFfyzgLWLITE6BV5CJZWheMta5ydP5rrEUgVzjY=
github.com/go-volumes/interface v0.0.0-20260831115414-8aa56d750f28/go.mod h1:0tuRHjCQUq0ql3dSvq5jQQtzB1u+bhVW7Fec58AurdQ=
github.com/go-volumes/pool v0.0.0-20261005012023-af6c54f34462 h1:XJjVcxcqkb+5CRQVb9dke352pCXAbeQw+769Uvo9MJ0=
github.com/go-volumes/pool v0.0.0-20261005012023-af6c54f34462/go.mod h1:Rv5LsKunEPs1VmVWVSYMZmZi/HmVDB3IKjOM8rDNka8=
